
Microsoft Visual Studio Solution File, Format Version 12.00
Project("{FAE04EC0-301F-11D3-BF4B-00C04F79EFBC}") = "mcu-server-api", "src\mcu-server\mcu-server-api.csproj", "{47641E2A-DF74-4BE0-9617-F324BF20B7B1}"
EndProject
Project("{FAE04EC0-301F-11D3-BF4B-00C04F79EFBC}") = "mcu-server-test", "src\mcu-server-test\mcu-server-test\mcu-server-test.csproj", "{BA9917A9-5C1C-4A70-9D2C-66B7C4B0486C}"
EndProject
Global
	GlobalSection(SolutionConfigurationPlatforms) = preSolution
		Debug|Any CPU = Debug|Any CPU
		Release|Any CPU = Release|Any CPU
	EndGlobalSection
	GlobalSection(ProjectConfigurationPlatforms) = postSolution
		{47641E2A-DF74-4BE0-9617-F324BF20B7B1}.Debug|Any CPU.ActiveCfg = Debug|Any CPU
		{47641E2A-DF74-4BE0-9617-F324BF20B7B1}.Debug|Any CPU.Build.0 = Debug|Any CPU
		{47641E2A-DF74-4BE0-9617-F324BF20B7B1}.Release|Any CPU.ActiveCfg = Release|Any CPU
		{47641E2A-DF74-4BE0-9617-F324BF20B7B1}.Release|Any CPU.Build.0 = Release|Any CPU
		{BA9917A9-5C1C-4A70-9D2C-66B7C4B0486C}.Debug|Any CPU.ActiveCfg = Debug|Any CPU
		{BA9917A9-5C1C-4A70-9D2C-66B7C4B0486C}.Debug|Any CPU.Build.0 = Debug|Any CPU
		{BA9917A9-5C1C-4A70-9D2C-66B7C4B0486C}.Release|Any CPU.ActiveCfg = Release|Any CPU
		{BA9917A9-5C1C-4A70-9D2C-66B7C4B0486C}.Release|Any CPU.Build.0 = Release|Any CPU
	EndGlobalSection
EndGlobal
